
Microsoft Visual Studio Solution File, Format Version 12.00
# Visual Studio Version 16
VisualStudioVersion = 16.0.30503.244
MinimumVisualStudioVersion = 10.0.40219.1
Project("{00D1A9C2-B5F0-4AF3-8072-F6C62B433612}") = "SQLserverDb", "SQLserverDb.sqlproj", "{F627EB74-0B55-4021-A3F8-51D2E0B299D7}"
EndProject
Project("{FAE04EC0-301F-11D3-BF4B-00C04F79EFBC}") = "TemplateArticle", "..\..\..\Downloads\TemplateArticle\TemplateArticle.csproj", "{94634932-46D5-4D18-BB30-4FE6DB94E05A}"
EndProject
Global
	GlobalSection(SolutionConfigurationPlatforms) = preSolution
		Debug|Any CPU = Debug|Any CPU
		Release|Any CPU = Release|Any CPU
	EndGlobalSection
	GlobalSection(ProjectConfigurationPlatforms) = postSolution
		{F627EB74-0B55-4021-A3F8-51D2E0B299D7}.Debug|Any CPU.ActiveCfg = Debug|Any CPU
		{F627EB74-0B55-4021-A3F8-51D2E0B299D7}.Debug|Any CPU.Build.0 = Debug|Any CPU
		{F627EB74-0B55-4021-A3F8-51D2E0B299D7}.Debug|Any CPU.Deploy.0 = Debug|Any CPU
		{F627EB74-0B55-4021-A3F8-51D2E0B299D7}.Release|Any CPU.ActiveCfg = Release|Any CPU
		{F627EB74-0B55-4021-A3F8-51D2E0B299D7}.Release|Any CPU.Build.0 = Release|Any CPU
		{F627EB74-0B55-4021-A3F8-51D2E0B299D7}.Release|Any CPU.Deploy.0 = Release|Any CPU
		{94634932-46D5-4D18-BB30-4FE6DB94E05A}.Debug|Any CPU.ActiveCfg = Debug|Any CPU
		{94634932-46D5-4D18-BB30-4FE6DB94E05A}.Debug|Any CPU.Build.0 = Debug|Any CPU
		{94634932-46D5-4D18-BB30-4FE6DB94E05A}.Release|Any CPU.ActiveCfg = Release|Any CPU
		{94634932-46D5-4D18-BB30-4FE6DB94E05A}.Release|Any CPU.Build.0 = Release|Any CPU
	EndGlobalSection
	GlobalSection(SolutionProperties) = preSolution
		HideSolutionNode = FALSE
	EndGlobalSection
	GlobalSection(ExtensibilityGlobals) = postSolution
		SolutionGuid = {162CCFA6-DD9D-4D26-8502-61A56831602B}
	EndGlobalSection
EndGlobal
