
Microsoft Visual Studio Solution File, Format Version 12.00
# Visual Studio Version 16
VisualStudioVersion = 16.0.30413.136
MinimumVisualStudioVersion = 10.0.40219.1
Project("{FAE04EC0-301F-11D3-BF4B-00C04F79EFBC}") = "SamuraiApp.Domain", "SamuraiApp.Domain\SamuraiApp.Domain.csproj", "{46766746-0011-4F44-80EE-9C8C8CC07EF0}"
EndProject
Project("{FAE04EC0-301F-11D3-BF4B-00C04F79EFBC}") = "SamuraiApp.Data", "SamuraiApp.Data\SamuraiApp.Data.csproj", "{344F8DC5-5548-4446-BEDA-20EF15C3C664}"
EndProject
Global
	GlobalSection(SolutionConfigurationPlatforms) = preSolution
		Debug|Any CPU = Debug|Any CPU
		Release|Any CPU = Release|Any CPU
	EndGlobalSection
	GlobalSection(ProjectConfigurationPlatforms) = postSolution
		{46766746-0011-4F44-80EE-9C8C8CC07EF0}.Debug|Any CPU.ActiveCfg = Debug|Any CPU
		{46766746-0011-4F44-80EE-9C8C8CC07EF0}.Debug|Any CPU.Build.0 = Debug|Any CPU
		{46766746-0011-4F44-80EE-9C8C8CC07EF0}.Release|Any CPU.ActiveCfg = Release|Any CPU
		{46766746-0011-4F44-80EE-9C8C8CC07EF0}.Release|Any CPU.Build.0 = Release|Any CPU
		{344F8DC5-5548-4446-BEDA-20EF15C3C664}.Debug|Any CPU.ActiveCfg = Debug|Any CPU
		{344F8DC5-5548-4446-BEDA-20EF15C3C664}.Debug|Any CPU.Build.0 = Debug|Any CPU
		{344F8DC5-5548-4446-BEDA-20EF15C3C664}.Release|Any CPU.ActiveCfg = Release|Any CPU
		{344F8DC5-5548-4446-BEDA-20EF15C3C664}.Release|Any CPU.Build.0 = Release|Any CPU
	EndGlobalSection
	GlobalSection(SolutionProperties) = preSolution
		HideSolutionNode = FALSE
	EndGlobalSection
	GlobalSection(ExtensibilityGlobals) = postSolution
		SolutionGuid = {D5DFA680-60D3-4DA0-9D2B-FFF0BE57EEB8}
	EndGlobalSection
EndGlobal
