
Microsoft Visual Studio Solution File, Format Version 12.00
# Visual Studio Version 16
VisualStudioVersion = 16.0.30413.136
MinimumVisualStudioVersion = 10.0.40219.1
Project("{FAE04EC0-301F-11D3-BF4B-00C04F79EFBC}") = "ArrayLargestProduct", "ArrayLargestProduct.csproj", "{5A44EB7C-27DB-4E83-BA10-8FDA84299333}"
EndProject
Global
	GlobalSection(SolutionConfigurationPlatforms) = preSolution
		Debug|Any CPU = Debug|Any CPU
		Release|Any CPU = Release|Any CPU
	EndGlobalSection
	GlobalSection(ProjectConfigurationPlatforms) = postSolution
		{5A44EB7C-27DB-4E83-BA10-8FDA84299333}.Debug|Any CPU.ActiveCfg = Debug|Any CPU
		{5A44EB7C-27DB-4E83-BA10-8FDA84299333}.Debug|Any CPU.Build.0 = Debug|Any CPU
		{5A44EB7C-27DB-4E83-BA10-8FDA84299333}.Release|Any CPU.ActiveCfg = Release|Any CPU
		{5A44EB7C-27DB-4E83-BA10-8FDA84299333}.Release|Any CPU.Build.0 = Release|Any CPU
	EndGlobalSection
	GlobalSection(SolutionProperties) = preSolution
		HideSolutionNode = FALSE
	EndGlobalSection
	GlobalSection(ExtensibilityGlobals) = postSolution
		SolutionGuid = {99072D72-8F9E-4B55-A0AA-E6366246BE79}
	EndGlobalSection
EndGlobal
