
Microsoft Visual Studio Solution File, Format Version 12.00
# Visual Studio Version 16
VisualStudioVersion = 16.0.30413.136
MinimumVisualStudioVersion = 10.0.40219.1
Project("{FAE04EC0-301F-11D3-BF4B-00C04F79EFBC}") = "testSequence", "testSequence.csproj", "{09A33FA5-F0DE-4B37-A959-C14DBBE7D9D6}"
EndProject
Global
	GlobalSection(SolutionConfigurationPlatforms) = preSolution
		Debug|Any CPU = Debug|Any CPU
		Release|Any CPU = Release|Any CPU
	EndGlobalSection
	GlobalSection(ProjectConfigurationPlatforms) = postSolution
		{09A33FA5-F0DE-4B37-A959-C14DBBE7D9D6}.Debug|Any CPU.ActiveCfg = Debug|Any CPU
		{09A33FA5-F0DE-4B37-A959-C14DBBE7D9D6}.Debug|Any CPU.Build.0 = Debug|Any CPU
		{09A33FA5-F0DE-4B37-A959-C14DBBE7D9D6}.Release|Any CPU.ActiveCfg = Release|Any CPU
		{09A33FA5-F0DE-4B37-A959-C14DBBE7D9D6}.Release|Any CPU.Build.0 = Release|Any CPU
	EndGlobalSection
	GlobalSection(SolutionProperties) = preSolution
		HideSolutionNode = FALSE
	EndGlobalSection
	GlobalSection(ExtensibilityGlobals) = postSolution
		SolutionGuid = {2FA6B88D-4915-4003-AF12-C9B0F6AD3247}
	EndGlobalSection
EndGlobal
