
Microsoft Visual Studio Solution File, Format Version 12.00
# Visual Studio Version 16
VisualStudioVersion = 16.0.30413.136
MinimumVisualStudioVersion = 10.0.40219.1
Project("{FAE04EC0-301F-11D3-BF4B-00C04F79EFBC}") = "WebApiDemo", "WebApiDemo\WebApiDemo.csproj", "{F425A552-D700-4B8B-9E21-476CD16F9E90}"
EndProject
Global
	GlobalSection(SolutionConfigurationPlatforms) = preSolution
		Debug|Any CPU = Debug|Any CPU
		Release|Any CPU = Release|Any CPU
	EndGlobalSection
	GlobalSection(ProjectConfigurationPlatforms) = postSolution
		{F425A552-D700-4B8B-9E21-476CD16F9E90}.Debug|Any CPU.ActiveCfg = Debug|Any CPU
		{F425A552-D700-4B8B-9E21-476CD16F9E90}.Debug|Any CPU.Build.0 = Debug|Any CPU
		{F425A552-D700-4B8B-9E21-476CD16F9E90}.Release|Any CPU.ActiveCfg = Release|Any CPU
		{F425A552-D700-4B8B-9E21-476CD16F9E90}.Release|Any CPU.Build.0 = Release|Any CPU
	EndGlobalSection
	GlobalSection(SolutionProperties) = preSolution
		HideSolutionNode = FALSE
	EndGlobalSection
	GlobalSection(ExtensibilityGlobals) = postSolution
		SolutionGuid = {A290BC14-B53C-48DC-AE1A-8C80BD7A07A8}
	EndGlobalSection
EndGlobal
