
Microsoft Visual Studio Solution File, Format Version 12.00
# Visual Studio Version 16
VisualStudioVersion = 16.0.30413.136
MinimumVisualStudioVersion = 10.0.40219.1
Project("{FAE04EC0-301F-11D3-BF4B-00C04F79EFBC}") = "Practice Testing", "Practice Testing\Practice Testing.csproj", "{E7DFE0BC-EE2B-4095-AA99-A3D8FA1349C6}"
EndProject
Global
	GlobalSection(SolutionConfigurationPlatforms) = preSolution
		Debug|Any CPU = Debug|Any CPU
		Release|Any CPU = Release|Any CPU
	EndGlobalSection
	GlobalSection(ProjectConfigurationPlatforms) = postSolution
		{E7DFE0BC-EE2B-4095-AA99-A3D8FA1349C6}.Debug|Any CPU.ActiveCfg = Debug|Any CPU
		{E7DFE0BC-EE2B-4095-AA99-A3D8FA1349C6}.Debug|Any CPU.Build.0 = Debug|Any CPU
		{E7DFE0BC-EE2B-4095-AA99-A3D8FA1349C6}.Release|Any CPU.ActiveCfg = Release|Any CPU
		{E7DFE0BC-EE2B-4095-AA99-A3D8FA1349C6}.Release|Any CPU.Build.0 = Release|Any CPU
	EndGlobalSection
	GlobalSection(SolutionProperties) = preSolution
		HideSolutionNode = FALSE
	EndGlobalSection
	GlobalSection(ExtensibilityGlobals) = postSolution
		SolutionGuid = {DA24DE1B-6D1E-44BC-BABD-4200F992B7D6}
	EndGlobalSection
EndGlobal
